
Microsoft Visual Studio Solution File, Format Version 12.00
# Visual Studio Version 17
VisualStudioVersion = 17.11.35327.3
MinimumVisualStudioVersion = 10.0.40219.1
Project("{FAE04EC0-301F-11D3-BF4B-00C04F79EFBC}") = "Fuzzable", "Fuzzable\Fuzzable.csproj", "{739E4D3F-3DEB-419F-B307-40CEC789C601}"
EndProject
Global
	GlobalSection(SolutionConfigurationPlatforms) = preSolution
		Debug|Any CPU = Debug|Any CPU
		Release|Any CPU = Release|Any CPU
	EndGlobalSection
	GlobalSection(ProjectConfigurationPlatforms) = postSolution
		{739E4D3F-3DEB-419F-B307-40CEC789C601}.Debug|Any CPU.ActiveCfg = Debug|Any CPU
		{739E4D3F-3DEB-419F-B307-40CEC789C601}.Debug|Any CPU.Build.0 = Debug|Any CPU
		{739E4D3F-3DEB-419F-B307-40CEC789C601}.Release|Any CPU.ActiveCfg = Release|Any CPU
		{739E4D3F-3DEB-419F-B307-40CEC789C601}.Release|Any CPU.Build.0 = Release|Any CPU
	EndGlobalSection
	GlobalSection(SolutionProperties) = preSolution
		HideSolutionNode = FALSE
	EndGlobalSection
	GlobalSection(ExtensibilityGlobals) = postSolution
		SolutionGuid = {0FE62562-2678-4264-8C3E-0B9C469F53E2}
	EndGlobalSection
EndGlobal
